
Microsoft Visual Studio Solution File, Format Version 12.00
# Visual Studio Express 14 for Windows Desktop
VisualStudioVersion = 14.0.24720.0
MinimumVisualStudioVersion = 10.0.40219.1
Project("{FAE04EC0-301F-11D3-BF4B-00C04F79EFBC}") = "File Explorer", "File Explorer\File Explorer.csproj", "{82516F76-CAEE-4F6F-942C-28969AC8C5A8}"
EndProject
Global
	GlobalSection(SolutionConfigurationPlatforms) = preSolution
		Debug|Any CPU = Debug|Any CPU
		Release|Any CPU = Release|Any CPU
	EndGlobalSection
	GlobalSection(ProjectConfigurationPlatforms) = postSolution
		{82516F76-CAEE-4F6F-942C-28969AC8C5A8}.Debug|Any CPU.ActiveCfg = Debug|Any CPU
		{82516F76-CAEE-4F6F-942C-28969AC8C5A8}.Debug|Any CPU.Build.0 = Debug|Any CPU
		{82516F76-CAEE-4F6F-942C-28969AC8C5A8}.Release|Any CPU.ActiveCfg = Release|Any CPU
		{82516F76-CAEE-4F6F-942C-28969AC8C5A8}.Release|Any CPU.Build.0 = Release|Any CPU
		{82516F76-CAEE-4F6F-942C-28969AC8C5A8}.Release|Any CPU.Deploy.0 = Release|Any CPU
	EndGlobalSection
	GlobalSection(SolutionProperties) = preSolution
		HideSolutionNode = FALSE
	EndGlobalSection
EndGlobal
